{
  "name": "conductor-frontend",
  "version": "0.0.0",
  "lockfileVersion": 3,
  "requires": true,
  "packages": {
    "": {
      "name": "conductor-frontend",
      "version": "0.0.0",
      "dependencies": {
        "zinggrid": "^2.1.5"
      }
    },
    "node_modules/zinggrid": {
      "version": "2.1.5",
      "resolved": "https://registry.npmjs.org/zinggrid/-/zinggrid-2.1.5.tgz",
      "integrity": "sha512-mvQHbX8fc7yAfGj60HT/P77GmimcAGXe2itQ2sk4Wb7DEQbz2HrdC6iV9v8YPiv2w/dTN8aquMjnlss7b+MPHQ=="
    }
  }
}
